
Microsoft Visual Studio Solution File, Format Version 12.00
# Visual Studio Version 17
VisualStudioVersion = 17.4.33205.214
MinimumVisualStudioVersion = 10.0.40219.1
Project("{FAE04EC0-301F-11D3-BF4B-00C04F79EFBC}") = "Capability Generator", "Capability Generator\Capability Generator.csproj", "{DCE698C7-CC61-4E80-BADC-905DB2C00445}"
EndProject
Global
	GlobalSection(SolutionConfigurationPlatforms) = preSolution
		Debug|Any CPU = Debug|Any CPU
		Release|Any CPU = Release|Any CPU
	EndGlobalSection
	GlobalSection(ProjectConfigurationPlatforms) = postSolution
		{DCE698C7-CC61-4E80-BADC-905DB2C00445}.Debug|Any CPU.ActiveCfg = Debug|Any CPU
		{DCE698C7-CC61-4E80-BADC-905DB2C00445}.Debug|Any CPU.Build.0 = Debug|Any CPU
		{DCE698C7-CC61-4E80-BADC-905DB2C00445}.Release|Any CPU.ActiveCfg = Release|Any CPU
		{DCE698C7-CC61-4E80-BADC-905DB2C00445}.Release|Any CPU.Build.0 = Release|Any CPU
	EndGlobalSection
	GlobalSection(SolutionProperties) = preSolution
		HideSolutionNode = FALSE
	EndGlobalSection
	GlobalSection(ExtensibilityGlobals) = postSolution
		SolutionGuid = {BBBAE5A4-2C3A-44A2-AF3F-52D844589C16}
	EndGlobalSection
EndGlobal
